
Microsoft Visual Studio Solution File, Format Version 12.00
# Visual Studio Version 17
VisualStudioVersion = 17.12.35527.113
MinimumVisualStudioVersion = 10.0.40219.1
Project("{FAE04EC0-301F-11D3-BF4B-00C04F79EFBC}") = "MvcComicsTomas", "MvcComicsTomas\MvcComicsTomas.csproj", "{4C8CCA33-8273-41D6-ADAE-2649D2419500}"
EndProject
Global
	GlobalSection(SolutionConfigurationPlatforms) = preSolution
		Debug|Any CPU = Debug|Any CPU
		Release|Any CPU = Release|Any CPU
	EndGlobalSection
	GlobalSection(ProjectConfigurationPlatforms) = postSolution
		{EF45578F-8741-4005-9385-1A914100341A}.Debug|Any CPU.ActiveCfg = Debug|Any CPU
		{EF45578F-8741-4005-9385-1A914100341A}.Debug|Any CPU.Build.0 = Debug|Any CPU
		{EF45578F-8741-4005-9385-1A914100341A}.Release|Any CPU.ActiveCfg = Release|Any CPU
		{EF45578F-8741-4005-9385-1A914100341A}.Release|Any CPU.Build.0 = Release|Any CPU
		{1B8F6D66-3290-4C45-B5CC-ECCE0D59C4C9}.Debug|Any CPU.ActiveCfg = Debug|Any CPU
		{1B8F6D66-3290-4C45-B5CC-ECCE0D59C4C9}.Debug|Any CPU.Build.0 = Debug|Any CPU
		{1B8F6D66-3290-4C45-B5CC-ECCE0D59C4C9}.Release|Any CPU.ActiveCfg = Release|Any CPU
		{1B8F6D66-3290-4C45-B5CC-ECCE0D59C4C9}.Release|Any CPU.Build.0 = Release|Any CPU
		{632EC53D-4499-4DC1-8139-05F8370767AD}.Debug|Any CPU.ActiveCfg = Debug|Any CPU
		{632EC53D-4499-4DC1-8139-05F8370767AD}.Debug|Any CPU.Build.0 = Debug|Any CPU
		{632EC53D-4499-4DC1-8139-05F8370767AD}.Release|Any CPU.ActiveCfg = Release|Any CPU
		{632EC53D-4499-4DC1-8139-05F8370767AD}.Release|Any CPU.Build.0 = Release|Any CPU
		{4C8CCA33-8273-41D6-ADAE-2649D2419500}.Debug|Any CPU.ActiveCfg = Debug|Any CPU
		{4C8CCA33-8273-41D6-ADAE-2649D2419500}.Debug|Any CPU.Build.0 = Debug|Any CPU
		{4C8CCA33-8273-41D6-ADAE-2649D2419500}.Release|Any CPU.ActiveCfg = Release|Any CPU
		{4C8CCA33-8273-41D6-ADAE-2649D2419500}.Release|Any CPU.Build.0 = Release|Any CPU
	EndGlobalSection
	GlobalSection(SolutionProperties) = preSolution
		HideSolutionNode = FALSE
	EndGlobalSection
EndGlobal
